
Microsoft Visual Studio Solution File, Format Version 12.00
# Visual Studio Version 17
VisualStudioVersion = 17.3.32922.545
MinimumVisualStudioVersion = 10.0.40219.1
Project("{9A19103F-16F7-4668-BE54-9A1E7A4F7556}") = "Safe", "Safe\Safe.csproj", "{F9589D36-5B6A-45FC-AC9A-E9EED3F381FE}"
EndProject
Global
	GlobalSection(SolutionConfigurationPlatforms) = preSolution
		Debug|Any CPU = Debug|Any CPU
		Release|Any CPU = Release|Any CPU
	EndGlobalSection
	GlobalSection(ProjectConfigurationPlatforms) = postSolution
		{F9589D36-5B6A-45FC-AC9A-E9EED3F381FE}.Debug|Any CPU.ActiveCfg = Debug|Any CPU
		{F9589D36-5B6A-45FC-AC9A-E9EED3F381FE}.Debug|Any CPU.Build.0 = Debug|Any CPU
		{F9589D36-5B6A-45FC-AC9A-E9EED3F381FE}.Release|Any CPU.ActiveCfg = Release|Any CPU
		{F9589D36-5B6A-45FC-AC9A-E9EED3F381FE}.Release|Any CPU.Build.0 = Release|Any CPU
	EndGlobalSection
	GlobalSection(SolutionProperties) = preSolution
		HideSolutionNode = FALSE
	EndGlobalSection
	GlobalSection(ExtensibilityGlobals) = postSolution
		SolutionGuid = {C3AA1A2E-1F82-48CF-AB75-DA1E3BE131E1}
	EndGlobalSection
EndGlobal
